
Microsoft Visual Studio Solution File, Format Version 12.00
# Visual Studio Version 16
VisualStudioVersion = 16.0.31005.135
MinimumVisualStudioVersion = 10.0.40219.1
Project("{FAE04EC0-301F-11D3-BF4B-00C04F79EFBC}") = "StackOverFlowProject", "StackOverFlowProject.csproj", "{B002503F-F3C9-450C-A3BE-E4C9CF92DB98}"
EndProject
Global
	GlobalSection(SolutionConfigurationPlatforms) = preSolution
		Debug|Any CPU = Debug|Any CPU
		Release|Any CPU = Release|Any CPU
	EndGlobalSection
	GlobalSection(ProjectConfigurationPlatforms) = postSolution
		{B002503F-F3C9-450C-A3BE-E4C9CF92DB98}.Debug|Any CPU.ActiveCfg = Debug|Any CPU
		{B002503F-F3C9-450C-A3BE-E4C9CF92DB98}.Debug|Any CPU.Build.0 = Debug|Any CPU
		{B002503F-F3C9-450C-A3BE-E4C9CF92DB98}.Release|Any CPU.ActiveCfg = Release|Any CPU
		{B002503F-F3C9-450C-A3BE-E4C9CF92DB98}.Release|Any CPU.Build.0 = Release|Any CPU
	EndGlobalSection
	GlobalSection(SolutionProperties) = preSolution
		HideSolutionNode = FALSE
	EndGlobalSection
	GlobalSection(ExtensibilityGlobals) = postSolution
		SolutionGuid = {786B9085-AFD9-49B1-8B69-38D72CCC83D9}
	EndGlobalSection
EndGlobal
